# This is an Anaconda project lock file.
# The lock file locks down exact versions of all your dependencies.
#
# In most cases, this file is automatically maintained by the `anaconda-project` command or GUI tools.
# It's best to keep this file in revision control (such as git or svn).
# The file is in YAML format, please see http://www.yaml.org/start.html for more.
#

#
# Set to false to ignore locked versions.
#
locking_enabled: true
env_specs:
  phase1:
    locked: true
    env_spec_hash: 1605a92876571da130b212eb095f2515ba31a5ce
    platforms:
    - linux-64
    packages:
      linux-64:
      - _libgcc_mutex=0.1=conda_forge
      - _openmp_mutex=4.5=2_gnu
      - c-ares=1.32.1=h4bc722e_0
      - ca-certificates=2024.7.4=hbcca054_0
      - curl=8.8.0=he654da7_1
      - icu=70.1=h27087fc_0
      - keyutils=1.6.1=h166bdaf_0
      - krb5=1.21.3=h659f571_0
      - libcurl=8.8.0=hca28451_1
      - libedit=3.1.20191231=he28a2e2_2
      - libev=4.33=hd590300_2
      - libgcc-ng=14.1.0=h77fa898_0
      - libgomp=14.1.0=h77fa898_0
      - libiconv=1.17=hd590300_2
      - libnghttp2=1.58.0=h47da74e_1
      - libssh2=1.11.0=h0841786_0
      - libstdcxx-ng=14.1.0=hc0a3c3a_0
      - libxcrypt=4.4.36=hd590300_1
      - libxml2=2.9.14=h22db469_4
      - libzlib=1.2.13=h4ab18f5_6
      - ncbi-vdb=3.1.1=h4ac6f70_1
      - ncurses=6.5=h59595ed_0
      - openssl=3.3.1=h4ab18f5_1
      - ossuuid=1.6.2=hf484d3e_1000
      - perl-alien-build=2.48=pl5321hec16e2b_0
      - perl-alien-libxml2=0.17=pl5321hec16e2b_0
      - perl-business-isbn-data=20210112.006=pl5321hd8ed1ab_0
      - perl-business-isbn=3.007=pl5321hd8ed1ab_0
      - perl-capture-tiny=0.48=pl5321ha770c72_1
      - perl-carp=1.50=pl5321hd8ed1ab_0
      - perl-constant=1.33=pl5321hd8ed1ab_0
      - perl-exporter=5.74=pl5321hd8ed1ab_0
      - perl-extutils-makemaker=7.70=pl5321hd8ed1ab_0
      - perl-ffi-checklib=0.28=pl5321hdfd78af_0
      - perl-file-chdir=0.1011=pl5321hd8ed1ab_0
      - perl-file-path=2.18=pl5321hd8ed1ab_0
      - perl-file-temp=0.2304=pl5321hd8ed1ab_0
      - perl-file-which=1.24=pl5321hd8ed1ab_0
      - perl-importer=0.026=pl5321hd8ed1ab_0
      - perl-parent=0.241=pl5321hd8ed1ab_0
      - perl-path-tiny=0.124=pl5321hd8ed1ab_0
      - perl-pathtools=3.75=pl5321h166bdaf_0
      - perl-scope-guard=0.21=pl5321hd8ed1ab_0
      - perl-sub-info=0.002=pl5321hd8ed1ab_0
      - perl-term-table=0.016=pl5321hdfd78af_0
      - perl-test-fatal=0.016=pl5321ha770c72_0
      - perl-test-warnings=0.031=pl5321ha770c72_0
      - perl-test2-suite=0.000145=pl5321hdfd78af_0
      - perl-try-tiny=0.31=pl5321ha770c72_0
      - perl-uri=5.17=pl5321ha770c72_0
      - perl-xml-libxml=2.0207=pl5321h661654b_0
      - perl-xml-namespacesupport=1.12=pl5321hd8ed1ab_0
      - perl-xml-sax-base=1.09=pl5321hd8ed1ab_0
      - perl-xml-sax=1.02=pl5321hd8ed1ab_0
      - perl=5.32.1=7_hd590300_perl5
      - sra-tools=3.1.1=h4304569_0
      - xz=5.2.6=h166bdaf_0
      - zlib=1.2.13=h4ab18f5_6
      - zstd=1.5.6=ha6fb4c9_0
  phase4:
    locked: true
    env_spec_hash: 4ea972fa9efbf317cce032f12cc745e8f8c02927
    platforms:
    - linux-64
    packages:
      linux-64:
      - _libgcc_mutex=0.1=conda_forge
      - _openmp_mutex=4.5=2_gnu
      - _r-mutex=1.0.1=anacondar_1
      - _sysroot_linux-64_curr_repodata_hack=3=h69a702a_16
      - absl-py=2.1.0=pyhd8ed1ab_0
      - aiohttp=3.9.5=py311h459d7ec_0
      - aiosignal=1.3.1=pyhd8ed1ab_0
      - argcomplete=3.4.0=pyhd8ed1ab_0
      - astunparse=1.6.3=pyhd8ed1ab_0
      - attrs=23.2.0=pyh71513ae_0
      - binutils_impl_linux-64=2.40=ha1999f0_7
      - bioconductor-annotationdbi=1.64.1=r43hdfd78af_0
      - bioconductor-beachmat=2.18.0=r43hf17093f_1
      - bioconductor-biobase=2.62.0=r43ha9d7317_2
      - bioconductor-biocgenerics=0.48.1=r43hdfd78af_2
      - bioconductor-biocneighbors=1.20.0=r43hf17093f_1
      - bioconductor-biocparallel=1.36.0=r43hf17093f_2
      - bioconductor-biocsingular=1.18.0=r43hf17093f_1
      - bioconductor-biostrings=2.70.1=r43ha9d7317_2
      - bioconductor-bluster=1.12.0=r43hf17093f_1
      - bioconductor-data-packages=20231203=hdfd78af_0
      - bioconductor-delayedarray=0.28.0=r43ha9d7317_2
      - bioconductor-delayedmatrixstats=1.24.0=r43hdfd78af_0
      - bioconductor-dropletutils=1.22.0=r43hf17093f_0
      - bioconductor-edger=4.0.16=r43hf17093f_1
      - bioconductor-genomeinfodb=1.38.1=r43hdfd78af_1
      - bioconductor-genomeinfodbdata=1.2.11=r43hdfd78af_1
      - bioconductor-genomicranges=1.54.1=r43ha9d7317_2
      - bioconductor-hdf5array=1.30.0=r43ha9d7317_1
      - bioconductor-iranges=2.36.0=r43ha9d7317_2
      - bioconductor-keggrest=1.42.0=r43hdfd78af_0
      - bioconductor-limma=3.58.1=r43ha9d7317_1
      - bioconductor-mast=1.28.0=r43hdfd78af_0
      - bioconductor-matrixgenerics=1.14.0=r43hdfd78af_3
      - bioconductor-metapod=1.10.0=r43hf17093f_3
      - bioconductor-org.hs.eg.db=3.18.0=r43hdfd78af_0
      - bioconductor-rhdf5=2.46.1=r43hf17093f_1
      - bioconductor-rhdf5filters=1.14.1=r43hf17093f_1
      - bioconductor-rhdf5lib=1.24.0=r43ha9d7317_2
      - bioconductor-s4arrays=1.2.0=r43ha9d7317_2
      - bioconductor-s4vectors=0.40.2=r43ha9d7317_2
      - bioconductor-scaledmatrix=1.10.0=r43hdfd78af_0
      - bioconductor-scater=1.30.1=r43hdfd78af_0
      - bioconductor-scran=1.30.0=r43hf17093f_1
      - bioconductor-scuttle=1.12.0=r43hf17093f_1
      - bioconductor-singlecellexperiment=1.24.0=r43hdfd78af_0
      - bioconductor-sparsearray=1.2.2=r43ha9d7317_2
      - bioconductor-sparsematrixstats=1.14.0=r43hf17093f_1
      - bioconductor-summarizedexperiment=1.32.0=r43hdfd78af_0
      - bioconductor-xvector=0.42.0=r43ha9d7317_2
      - bioconductor-zlibbioc=1.48.0=r43ha9d7317_2
      - blinker=1.8.2=pyhd8ed1ab_0
      - brotli-python=1.1.0=py311hb755f60_1
      - bwidget=1.9.14=ha770c72_1
      - bzip2=1.0.8=hd590300_5
      - c-ares=1.32.1=h4bc722e_0
      - ca-certificates=2024.7.4=hbcca054_0
      - cached-property=1.5.2=hd8ed1ab_1
      - cached_property=1.5.2=pyha770c72_1
      - cachetools=5.3.3=pyhd8ed1ab_0
      - cairo=1.18.0=hbb29018_2
      - certifi=2024.7.4=pyhd8ed1ab_0
      - cffi=1.16.0=py311hb3a22ac_0
      - charset-normalizer=3.3.2=pyhd8ed1ab_0
      - click=8.1.7=unix_pyh707e725_0
      - cloudpickle=3.0.0=pyhd8ed1ab_0
      - cryptography=42.0.8=py311h4a61cc7_0
      - cuda-version=11.7=h67201e3_3
      - cudatoolkit=11.7.0=hd8887f6_10
      - cudnn=8.9.7.29=hbc23b4c_3
      - curl=8.8.0=he654da7_1
      - decorator=5.1.1=pyhd8ed1ab_0
      - dm-tree=0.1.8=py311hbec7ed6_0
      - expat=2.6.2=h59595ed_0
      - flatbuffers=23.5.26=h59595ed_1
      - font-ttf-dejavu-sans-mono=2.37=hab24e00_0
      - font-ttf-inconsolata=3.000=h77eed37_0
      - font-ttf-source-code-pro=2.038=h77eed37_0
      - font-ttf-ubuntu=0.83=h77eed37_2
      - fontconfig=2.14.2=h14ed4e7_0
      - fonts-conda-ecosystem=1=0
      - fonts-conda-forge=1=0
      - freetype=2.12.1=h267a509_2
      - fribidi=1.0.10=h36c2ea0_0
      - frozenlist=1.4.1=py311h459d7ec_0
      - gast=0.5.5=pyhd8ed1ab_0
      - gcc_impl_linux-64=14.1.0=h3c94d91_0
      - gfortran_impl_linux-64=14.1.0=he4a1faa_0
      - giflib=5.2.2=hd590300_0
      - glpk=5.0=h445213a_0
      - gmp=6.3.0=hac33072_2
      - google-auth-oauthlib=1.0.0=pyhd8ed1ab_1
      - google-auth=2.32.0=pyhff2d567_0
      - google-pasta=0.2.0=pyh8c360ce_0
      - graphite2=1.3.13=h59595ed_1003
      - grpcio=1.54.3=py311hcafe171_0
      - gsl=2.7=he838d99_0
      - gxx_impl_linux-64=14.1.0=h2879b86_0
      - h2=4.1.0=pyhd8ed1ab_0
      - h5py=3.11.0=nompi_py311h439e445_102
      - harfbuzz=8.5.0=hfac3d4d_0
      - hdf5=1.14.3=nompi_hdf9ad27_105
      - hpack=4.0.0=pyh9f0ad1d_0
      - hyperframe=6.0.1=pyhd8ed1ab_0
      - icu=73.2=h59595ed_0
      - idna=3.7=pyhd8ed1ab_0
      - importlib-metadata=8.0.0=pyha770c72_0
      - importlib_metadata=8.0.0=hd8ed1ab_0
      - jax=0.4.27=pyhd8ed1ab_0
      - jaxlib=0.4.23=py311h6a678d5_0
      - jq=1.7.1=hd590300_0
      - keras=2.13.1=pyhd8ed1ab_0
      - kernel-headers_linux-64=3.10.0=h4a8ded7_16
      - keyutils=1.6.1=h166bdaf_0
      - krb5=1.21.3=h659f571_0
      - ld_impl_linux-64=2.40=hf3520f5_7
      - lerc=4.0.0=h27087fc_0
      - libabseil=20230125.3=cxx17_h59595ed_0
      - libaec=1.1.3=h59595ed_0
      - libblas=3.9.0=22_linux64_openblas
      - libcblas=3.9.0=22_linux64_openblas
      - libcurl=8.8.0=hca28451_1
      - libdeflate=1.20=hd590300_0
      - libedit=3.1.20191231=he28a2e2_2
      - libev=4.33=hd590300_2
      - libexpat=2.6.2=h59595ed_0
      - libffi=3.4.2=h7f98852_5
      - libgcc-devel_linux-64=14.1.0=h5d3d1c9_100
      - libgcc-ng=14.1.0=h77fa898_0
      - libgfortran-ng=14.1.0=h69a702a_0
      - libgfortran5=14.1.0=hc5f4f2c_0
      - libglib=2.80.3=h8a4344b_1
      - libgomp=14.1.0=h77fa898_0
      - libgrpc=1.54.3=hb20ce57_0
      - libiconv=1.17=hd590300_2
      - libjpeg-turbo=3.0.0=hd590300_1
      - liblapack=3.9.0=22_linux64_openblas
      - libnghttp2=1.58.0=h47da74e_1
      - libnsl=2.0.1=hd590300_0
      - libopenblas=0.3.27=pthreads_hac2b453_1
      - libpng=1.6.43=h2797004_0
      - libprotobuf=3.21.12=hfc55251_2
      - libsanitizer=14.1.0=hcba0ae0_0
      - libsqlite=3.46.0=hde9e2c9_0
      - libssh2=1.11.0=h0841786_0
      - libstdcxx-devel_linux-64=14.1.0=h5d3d1c9_100
      - libstdcxx-ng=14.1.0=hc0a3c3a_0
      - libtiff=4.6.0=h1dd3fc0_3
      - libuuid=2.38.1=h0b41bf4_0
      - libwebp-base=1.4.0=hd590300_0
      - libxcb=1.16=hd590300_0
      - libxcrypt=4.4.36=hd590300_1
      - libxml2=2.12.7=h4c95cb1_3
      - libzlib=1.3.1=h4ab18f5_1
      - make=4.3=hd18ef5c_1
      - markdown=3.6=pyhd8ed1ab_0
      - markupsafe=2.1.5=py311h459d7ec_0
      - ml_dtypes=0.4.0=py311h14de704_1
      - multidict=6.0.5=py311h459d7ec_0
      - nccl=2.21.5.1=h0800d71_0
      - ncurses=6.5=h59595ed_0
      - numpy=1.26.4=py311h64a7726_0
      - oauthlib=3.2.2=pyhd8ed1ab_0
      - oniguruma=6.9.9=hd590300_0
      - openssl=3.3.1=h4ab18f5_1
      - opt-einsum=3.3.0=hd8ed1ab_2
      - opt_einsum=3.3.0=pyhc1e730c_2
      - packaging=24.1=pyhd8ed1ab_0
      - pandoc=3.2.1=ha770c72_0
      - pango=1.54.0=h84a9a3c_0
      - pcre2=10.44=h0f59acf_0
      - pip=24.0=pyhd8ed1ab_0
      - pixman=0.43.2=h59595ed_0
      - protobuf=4.21.12=py311hcafe171_0
      - pthread-stubs=0.4=h36c2ea0_1001
      - pyasn1-modules=0.4.0=pyhd8ed1ab_0
      - pyasn1=0.6.0=pyhd8ed1ab_0
      - pycparser=2.22=pyhd8ed1ab_0
      - pyjwt=2.8.0=pyhd8ed1ab_1
      - pyopenssl=24.0.0=pyhd8ed1ab_0
      - pysocks=1.7.1=pyha2e5f31_6
      - python-flatbuffers=24.3.25=pyh59ac667_0
      - python=3.11.9=hb806964_0_cpython
      - python_abi=3.11=4_cp311
      - pyu2f=0.1.5=pyhd8ed1ab_0
      - pyyaml=6.0.1=py311h459d7ec_1
      - r-abind=1.4_5=r43hc72bb7e_1006
      - r-askpass=1.2.0=r43hb1dbf0f_1
      - r-assertthat=0.2.1=r43hc72bb7e_5
      - r-backports=1.5.0=r43hb1dbf0f_1
      - r-base64enc=0.1_3=r43hb1dbf0f_1007
      - r-base=4.3.3=he2d9a6e_10
      - r-beeswarm=0.4.0=r43hdb488b9_4
      - r-bh=1.84.0_0=r43hc72bb7e_1
      - r-bit64=4.0.5=r43hb1dbf0f_3
      - r-bit=4.0.5=r43hb1dbf0f_2
      - r-bitops=1.0_7=r43hb1dbf0f_3
      - r-blob=1.2.4=r43hc72bb7e_1
      - r-bslib=0.7.0=r43hc72bb7e_0
      - r-cachem=1.1.0=r43hb1dbf0f_1
      - r-cairo=1.6_2=r43h4dc26e9_0
      - r-catools=1.18.2=r43ha18555a_3
      - r-cellassign=0.99.3=r43_6
      - r-cli=3.6.3=r43ha18555a_0
      - r-cluster=2.1.6=r43hbcb9c34_1
      - r-codetools=0.2_20=r43hc72bb7e_1
      - r-colorspace=2.1_0=r43hb1dbf0f_2
      - r-commonmark=1.9.1=r43hb1dbf0f_1
      - r-config=0.3.2=r43hc72bb7e_1
      - r-conflicted=1.2.0=r43h785f33e_1
      - r-cowplot=1.1.3=r43hc72bb7e_0
      - r-cpp11=0.4.7=r43hc72bb7e_1
      - r-crayon=1.5.3=r43hc72bb7e_1
      - r-crosstalk=1.2.1=r43hc72bb7e_1
      - r-curl=5.2.1=r43hf9611b0_0
      - r-data.table=1.15.4=r43ha8f4200_0
      - r-dbi=1.2.3=r43hc72bb7e_1
      - r-deldir=2.0_4=r43hbcb9c34_1
      - r-digest=0.6.36=r43ha18555a_1
      - r-dotcall64=1.1_1=r43hbcb9c34_1
      - r-dplyr=1.1.4=r43ha503ecb_0
      - r-dqrng=0.3.2=r43ha503ecb_0
      - r-ellipsis=0.3.2=r43hb1dbf0f_3
      - r-evaluate=0.24.0=r43hc72bb7e_1
      - r-fansi=1.0.6=r43hb1dbf0f_1
      - r-farver=2.1.2=r43ha18555a_1
      - r-fastdummies=1.7.3=r43hc72bb7e_0
      - r-fastmap=1.2.0=r43ha18555a_1
      - r-fitdistrplus=1.1_11=r43hc72bb7e_1
      - r-fnn=1.1.4=r43ha18555a_1
      - r-fontawesome=0.5.2=r43hc72bb7e_1
      - r-formatr=1.14=r43hc72bb7e_2
      - r-fs=1.6.4=r43ha18555a_1
      - r-futile.logger=1.4.3=r43hc72bb7e_1006
      - r-futile.options=1.0.1=r43hc72bb7e_1005
      - r-future.apply=1.11.2=r43hc72bb7e_1
      - r-future=1.33.2=r43h785f33e_1
      - r-generics=0.1.3=r43hc72bb7e_3
      - r-ggbeeswarm=0.7.2=r43hc72bb7e_1
      - r-ggplot2=3.5.1=r43hc72bb7e_0
      - r-ggrastr=1.0.2=r43hc72bb7e_1
      - r-ggrepel=0.9.5=r43ha503ecb_0
      - r-ggridges=0.5.6=r43hc72bb7e_0
      - r-globals=0.16.3=r43hc72bb7e_1
      - r-glue=1.7.0=r43hb1dbf0f_1
      - r-goftest=1.2_3=r43hb1dbf0f_3
      - r-gplots=3.1.3.1=r43hc72bb7e_1
      - r-gridextra=2.3=r43hc72bb7e_1005
      - r-gtable=0.3.5=r43hc72bb7e_0
      - r-gtools=3.9.5=r43hb1dbf0f_1
      - r-hdf5r=1.3.10=r43h0e8ca13_0
      - r-here=1.0.1=r43hc72bb7e_3
      - r-hexbin=1.28.3=r43hbcb9c34_2
      - r-highr=0.11=r43hc72bb7e_1
      - r-hms=1.1.3=r43hc72bb7e_1
      - r-htmltools=0.5.8.1=r43ha18555a_1
      - r-htmlwidgets=1.6.4=r43hc72bb7e_1
      - r-httpuv=1.6.15=r43ha503ecb_0
      - r-httr=1.4.7=r43hc72bb7e_0
      - r-ica=1.0_3=r43hc72bb7e_3
      - r-igraph=2.0.3=r43hbec7d4a_0
      - r-irlba=2.3.5.1=r43h0d28552_3
      - r-isoband=0.2.7=r43ha18555a_3
      - r-iterators=1.0.14=r43hc72bb7e_3
      - r-itertools=0.1_3=r43hc72bb7e_1006
      - r-jquerylib=0.1.4=r43hc72bb7e_3
      - r-jsonlite=1.8.8=r43hb1dbf0f_1
      - r-kernsmooth=2.23_24=r43hc2011d3_1
      - r-knitr=1.48=r43hc72bb7e_0
      - r-labeling=0.4.3=r43hc72bb7e_1
      - r-lambda.r=1.2.4=r43hc72bb7e_4
      - r-later=1.3.2=r43ha18555a_1
      - r-lattice=0.22_6=r43hb1dbf0f_1
      - r-lazyeval=0.2.2=r43hb1dbf0f_5
      - r-leiden=0.4.3.1=r43hc72bb7e_0
      - r-lifecycle=1.0.4=r43hc72bb7e_0
      - r-listenv=0.9.1=r43hc72bb7e_1
      - r-lmtest=0.9_40=r43h61816a4_2
      - r-locfit=1.5_9.9=r43h57805ef_0
      - r-loomr=0.2.0_beta=r43hdfd78af_5
      - r-lsei=1.3_0=r43ha36c22a_4
      - r-magrittr=2.0.3=r43hb1dbf0f_3
      - r-mass=7.3_60.0.1=r43hb1dbf0f_1
      - r-matrix=1.6_5=r43he966344_1
      - r-matrixstats=1.3.0=r43hb1dbf0f_1
      - r-memoise=2.0.1=r43hc72bb7e_3
      - r-mgcv=1.9_1=r43h0d28552_1
      - r-mime=0.12=r43hb1dbf0f_3
      - r-miniui=0.1.1.1=r43hc72bb7e_1004
      - r-munsell=0.5.1=r43hc72bb7e_1
      - r-nlme=3.1_165=r43hbcb9c34_1
      - r-npsurv=0.5_0=r43hc72bb7e_3
      - r-openssl=2.2.0=r43hd7d0243_0
      - r-parallelly=1.37.1=r43hb1dbf0f_1
      - r-patchwork=1.2.0=r43hc72bb7e_0
      - r-pbapply=1.7_2=r43hc72bb7e_1
      - r-pheatmap=1.0.12=r43hc72bb7e_4
      - r-pillar=1.9.0=r43hc72bb7e_1
      - r-pkgconfig=2.0.3=r43hc72bb7e_4
      - r-plogr=0.2.0=r43hc72bb7e_1006
      - r-plotly=4.10.4=r43hc72bb7e_0
      - r-plyr=1.8.9=r43ha18555a_1
      - r-png=0.1_8=r43h21f035c_2
      - r-polyclip=1.10_6=r43ha18555a_1
      - r-prettyunits=1.2.0=r43hc72bb7e_1
      - r-processx=3.8.4=r43hb1dbf0f_1
      - r-progress=1.2.3=r43hc72bb7e_0
      - r-progressr=0.14.0=r43hc72bb7e_1
      - r-promises=1.3.0=r43ha18555a_1
      - r-ps=1.7.7=r43hdb488b9_0
      - r-purrr=1.0.2=r43h57805ef_0
      - r-r.methodss3=1.8.2=r43hc72bb7e_3
      - r-r.oo=1.26.0=r43hc72bb7e_1
      - r-r.utils=2.12.3=r43hc72bb7e_1
      - r-r6=2.5.1=r43hc72bb7e_3
      - r-ragg=1.3.2=r43hffa04bc_0
      - r-rann=2.6.1=r43ha18555a_5
      - r-rappdirs=0.3.3=r43hb1dbf0f_3
      - r-rcolorbrewer=1.1_3=r43h785f33e_3
      - r-rcpp=1.0.12=r43h0d4f4ea_1
      - r-rcppannoy=0.0.22=r43ha18555a_1
      - r-rcpparmadillo=14.0.0_1=r43hb424bfc_1
      - r-rcppeigen=0.3.4.0.0=r43hb424bfc_1
      - r-rcpphnsw=0.6.0=r43h0d4f4ea_1
      - r-rcppml=0.3.7=r43ha503ecb_1
      - r-rcppprogress=0.4.2=r43hc72bb7e_4
      - r-rcpptoml=0.2.2=r43ha18555a_2
      - r-rcurl=1.98_1.16=r43h6b349a7_0
      - r-reshape2=1.4.4=r43ha503ecb_3
      - r-reticulate=1.38.0=r43ha18555a_0
      - r-rlang=1.1.4=r43ha18555a_1
      - r-rmarkdown=2.27=r43hc72bb7e_1
      - r-rocr=1.0_11=r43hc72bb7e_4
      - r-rprojroot=2.0.4=r43hc72bb7e_1
      - r-rspectra=0.16_1=r43h08d816e_2
      - r-rsqlite=2.3.4=r43ha503ecb_0
      - r-rstudioapi=0.16.0=r43hc72bb7e_1
      - r-rsvd=1.0.5=r43hc72bb7e_2
      - r-rtsne=0.17=r43h4387864_1
      - r-sass=0.4.9=r43ha18555a_1
      - r-scales=1.3.0=r43hc72bb7e_0
      - r-scattermore=1.2=r43ha503ecb_1
      - r-sctransform=0.4.1=r43h08d816e_0
      - r-seurat=5.1.0=r43ha18555a_0
      - r-seuratobject=5.0.2=r43ha18555a_0
      - r-shiny=1.8.1.1=r43h785f33e_0
      - r-sitmo=2.0.2=r43ha503ecb_2
      - r-snow=0.4_4=r43hc72bb7e_3
      - r-soupx=1.6.2=r43hc72bb7e_1
      - r-sourcetools=0.1.7_1=r43ha18555a_2
      - r-sp=2.1_4=r43hb1dbf0f_0
      - r-spam=2.10_0=r43h93271f8_1
      - r-spatstat.data=3.1_2=r43hc72bb7e_0
      - r-spatstat.explore=3.2_6=r43h57805ef_0
      - r-spatstat.geom=3.2_9=r43h57805ef_0
      - r-spatstat.random=3.2_3=r43ha503ecb_0
      - r-spatstat.sparse=3.1_0=r43hb1dbf0f_0
      - r-spatstat.utils=3.0_5=r43hb1dbf0f_1
      - r-statmod=1.5.0=r43hd8f1df9_1
      - r-stringi=1.8.4=r43hbd1cc82_1
      - r-stringr=1.5.1=r43h785f33e_0
      - r-survival=3.7_0=r43hdb488b9_1
      - r-sys=3.4.2=r43hb1dbf0f_2
      - r-systemfonts=1.1.0=r43h6e55c91_0
      - r-tensor=1.5=r43hc72bb7e_1006
      - r-tensorflow=2.16.0=r43hc72bb7e_0
      - r-textshaping=0.4.0=r43h024d615_0
      - r-tfautograph=0.3.2=r43hc72bb7e_3
      - r-tfruns=1.5.3=r43hc72bb7e_0
      - r-tibble=3.2.1=r43h57805ef_2
      - r-tidyr=1.3.1=r43ha503ecb_0
      - r-tidyselect=1.2.1=r43hc72bb7e_0
      - r-tinytex=0.51=r43hc72bb7e_1
      - r-utf8=1.2.4=r43hb1dbf0f_1
      - r-uwot=0.1.16=r43ha503ecb_0
      - r-vctrs=0.6.5=r43ha503ecb_0
      - r-vipor=0.4.7=r43hc72bb7e_1
      - r-viridis=0.6.5=r43hc72bb7e_0
      - r-viridislite=0.4.2=r43hc72bb7e_2
      - r-whisker=0.4.1=r43hc72bb7e_2
      - r-withr=3.0.0=r43hc72bb7e_1
      - r-xfun=0.45=r43ha18555a_1
      - r-xtable=1.8_4=r43hc72bb7e_6
      - r-yaml=2.3.9=r43hdb488b9_0
      - r-zoo=1.8_12=r43hb1dbf0f_2
      - re2=2023.03.02=h8c504da_0
      - readline=8.2=h8228510_1
      - requests-oauthlib=2.0.0=pyhd8ed1ab_0
      - requests=2.32.3=pyhd8ed1ab_0
      - rsa=4.9=pyhd8ed1ab_0
      - scipy=1.14.0=py311h517d4fd_1
      - sed=4.8=he412f7d_0
      - setuptools=70.3.0=pyhd8ed1ab_0
      - six=1.16.0=pyh6c4a22f_0
      - snappy=1.1.10=hdb0a2a9_1
      - sysroot_linux-64=2.17=h4a8ded7_16
      - tapi=1100.0.11=h1bb5118_0
      - tensorboard-data-server=0.7.0=py311h63ff55d_1
      - tensorboard=2.13.0=pyhd8ed1ab_0
      - tensorflow-base=2.13.1=cuda112py311h8bdbb6c_1
      - tensorflow-estimator=2.13.1=cuda112py311h0d913ca_1
      - tensorflow-gpu=2.13.1=cuda112py311h0bbbad9_1
      - tensorflow-probability=0.21.0=pyh4af843d_1
      - tensorflow=2.13.1=cuda112py311h693fce6_1
      - termcolor=2.4.0=pyhd8ed1ab_0
      - tk=8.6.13=noxft_h4845f30_101
      - tktable=2.10=h8bc8fbc_6
      - toml=0.10.2=pyhd8ed1ab_0
      - tomlkit=0.13.0=pyha770c72_0
      - typing_extensions=4.5.0=pyha770c72_0
      - tzdata=2024a=h0c530f3_0
      - urllib3=2.2.2=pyhd8ed1ab_1
      - werkzeug=3.0.3=pyhd8ed1ab_0
      - wheel=0.43.0=pyhd8ed1ab_1
      - wrapt=1.16.0=py311h459d7ec_0
      - xmltodict=0.13.0=pyhd8ed1ab_0
      - xorg-kbproto=1.0.7=h7f98852_1002
      - xorg-libice=1.1.1=hd590300_0
      - xorg-libsm=1.2.4=h7391055_0
      - xorg-libx11=1.8.9=hb711507_1
      - xorg-libxau=1.0.11=hd590300_0
      - xorg-libxdmcp=1.1.3=h7f98852_0
      - xorg-libxext=1.3.4=h0b41bf4_2
      - xorg-libxrender=0.9.11=hd590300_0
      - xorg-libxt=1.3.0=hd590300_1
      - xorg-renderproto=0.11.1=h7f98852_1002
      - xorg-xextproto=7.3.0=h0b41bf4_1003
      - xorg-xproto=7.0.31=h7f98852_1007
      - xz=5.2.6=h166bdaf_0
      - yaml=0.2.5=h7f98852_2
      - yarl=1.9.4=py311h459d7ec_0
      - yq=3.4.3=pyhd8ed1ab_0
      - zipp=3.19.2=pyhd8ed1ab_0
      - zlib=1.3.1=h4ab18f5_1
      - zstandard=0.22.0=py311hb6f056b_1
      - zstd=1.5.6=ha6fb4c9_0
  phase3:
    locked: true
    env_spec_hash: a3119aca42bc3bfc6c13ec7054488f3f61dd7b9d
    platforms:
    - linux-64
    packages:
      linux-64:
      - _libgcc_mutex=0.1=conda_forge
      - _openmp_mutex=4.5=2_gnu
      - _r-mutex=1.0.1=anacondar_1
      - _sysroot_linux-64_curr_repodata_hack=3=h69a702a_16
      - binutils_impl_linux-64=2.40=ha1999f0_7
      - bwidget=1.9.14=ha770c72_1
      - bzip2=1.0.8=hd590300_5
      - c-ares=1.32.1=h4bc722e_0
      - ca-certificates=2024.7.4=hbcca054_0
      - cairo=1.18.0=h3faef2a_0
      - curl=8.8.0=he654da7_1
      - expat=2.6.2=h59595ed_0
      - font-ttf-dejavu-sans-mono=2.37=hab24e00_0
      - font-ttf-inconsolata=3.000=h77eed37_0
      - font-ttf-source-code-pro=2.038=h77eed37_0
      - font-ttf-ubuntu=0.83=h77eed37_2
      - fontconfig=2.14.2=h14ed4e7_0
      - fonts-conda-ecosystem=1=0
      - fonts-conda-forge=1=0
      - freetype=2.12.1=h267a509_2
      - fribidi=1.0.10=h36c2ea0_0
      - gcc_impl_linux-64=14.1.0=h3c94d91_0
      - gettext-tools=0.22.5=h59595ed_2
      - gettext=0.22.5=h59595ed_2
      - gfortran_impl_linux-64=14.1.0=he4a1faa_0
      - glpk=5.0=h445213a_0
      - gmp=6.3.0=hac33072_2
      - graphite2=1.3.13=h59595ed_1003
      - gxx_impl_linux-64=14.1.0=h2879b86_0
      - harfbuzz=8.3.0=h3d44ed6_0
      - icu=73.2=h59595ed_0
      - kernel-headers_linux-64=3.10.0=h4a8ded7_16
      - keyutils=1.6.1=h166bdaf_0
      - krb5=1.21.3=h659f571_0
      - ld_impl_linux-64=2.40=hf3520f5_7
      - lerc=4.0.0=h27087fc_0
      - libasprintf-devel=0.22.5=h661eb56_2
      - libasprintf=0.22.5=h661eb56_2
      - libblas=3.9.0=22_linux64_openblas
      - libcurl=8.8.0=hca28451_1
      - libdeflate=1.20=hd590300_0
      - libedit=3.1.20191231=he28a2e2_2
      - libev=4.33=hd590300_2
      - libexpat=2.6.2=h59595ed_0
      - libffi=3.4.2=h7f98852_5
      - libgcc-devel_linux-64=14.1.0=h5d3d1c9_100
      - libgcc-ng=14.1.0=h77fa898_0
      - libgettextpo-devel=0.22.5=h59595ed_2
      - libgettextpo=0.22.5=h59595ed_2
      - libgfortran-ng=14.1.0=h69a702a_0
      - libgfortran5=14.1.0=hc5f4f2c_0
      - libglib=2.78.4=h783c2da_0
      - libgomp=14.1.0=h77fa898_0
      - libiconv=1.17=hd590300_2
      - libjpeg-turbo=3.0.0=hd590300_1
      - liblapack=3.9.0=22_linux64_openblas
      - libnghttp2=1.58.0=h47da74e_1
      - libopenblas=0.3.27=pthreads_hac2b453_1
      - libpng=1.6.43=h2797004_0
      - libsanitizer=14.1.0=hcba0ae0_0
      - libssh2=1.11.0=h0841786_0
      - libstdcxx-devel_linux-64=14.1.0=h5d3d1c9_100
      - libstdcxx-ng=14.1.0=hc0a3c3a_0
      - libtiff=4.6.0=h1dd3fc0_3
      - libuuid=2.38.1=h0b41bf4_0
      - libwebp-base=1.4.0=hd590300_0
      - libxcb=1.15=h0b41bf4_0
      - libxml2=2.12.7=h4c95cb1_3
      - libzlib=1.3.1=h4ab18f5_1
      - make=4.3=hd18ef5c_1
      - ncurses=6.5=h59595ed_0
      - openssl=3.3.1=h4ab18f5_1
      - pandoc=3.2.1=ha770c72_0
      - pango=1.52.1=ha41ecd1_0
      - pcre2=10.42=hcad00b1_0
      - pixman=0.43.2=h59595ed_0
      - pthread-stubs=0.4=h36c2ea0_1001
      - r-abind=1.4_5=r43hc72bb7e_1006
      - r-askpass=1.2.0=r43hb1dbf0f_1
      - r-base64enc=0.1_3=r43hb1dbf0f_1007
      - r-base=4.3.2=hb8ee39d_2
      - r-bh=1.84.0_0=r43hc72bb7e_1
      - r-bitops=1.0_7=r43hb1dbf0f_3
      - r-bslib=0.7.0=r43hc72bb7e_0
      - r-cachem=1.1.0=r43hb1dbf0f_1
      - r-catools=1.18.2=r43ha18555a_3
      - r-cli=3.6.3=r43ha18555a_0
      - r-cluster=2.1.6=r43hbcb9c34_1
      - r-codetools=0.2_20=r43hc72bb7e_1
      - r-colorspace=2.1_0=r43hb1dbf0f_2
      - r-commonmark=1.9.1=r43hb1dbf0f_1
      - r-conflicted=1.2.0=r43h785f33e_1
      - r-cowplot=1.1.3=r43hc72bb7e_0
      - r-cpp11=0.4.7=r43hc72bb7e_1
      - r-crayon=1.5.3=r43hc72bb7e_1
      - r-crosstalk=1.2.1=r43hc72bb7e_1
      - r-curl=5.2.1=r43hf9611b0_0
      - r-data.table=1.15.4=r43ha8f4200_0
      - r-deldir=2.0_4=r43hbcb9c34_1
      - r-digest=0.6.36=r43ha18555a_1
      - r-dotcall64=1.1_1=r43hbcb9c34_1
      - r-dplyr=1.1.4=r43ha503ecb_0
      - r-dqrng=0.3.2=r43ha503ecb_0
      - r-ellipsis=0.3.2=r43hb1dbf0f_3
      - r-evaluate=0.24.0=r43hc72bb7e_1
      - r-fansi=1.0.6=r43hb1dbf0f_1
      - r-farver=2.1.2=r43ha18555a_1
      - r-fastdummies=1.7.3=r43hc72bb7e_0
      - r-fastmap=1.2.0=r43ha18555a_1
      - r-fitdistrplus=1.1_11=r43hc72bb7e_1
      - r-fnn=1.1.4=r43ha18555a_1
      - r-fontawesome=0.5.2=r43hc72bb7e_1
      - r-fs=1.6.4=r43ha18555a_1
      - r-future.apply=1.11.2=r43hc72bb7e_1
      - r-future=1.33.2=r43h785f33e_1
      - r-generics=0.1.3=r43hc72bb7e_3
      - r-ggplot2=3.5.1=r43hc72bb7e_0
      - r-ggrepel=0.9.5=r43ha503ecb_0
      - r-ggridges=0.5.6=r43hc72bb7e_0
      - r-globals=0.16.3=r43hc72bb7e_1
      - r-glue=1.7.0=r43hb1dbf0f_1
      - r-goftest=1.2_3=r43hb1dbf0f_3
      - r-gplots=3.1.3.1=r43hc72bb7e_1
      - r-gridextra=2.3=r43hc72bb7e_1005
      - r-gtable=0.3.5=r43hc72bb7e_0
      - r-gtools=3.9.5=r43hb1dbf0f_1
      - r-here=1.0.1=r43hc72bb7e_3
      - r-hexbin=1.28.3=r43hbcb9c34_2
      - r-highr=0.11=r43hc72bb7e_1
      - r-htmltools=0.5.8.1=r43ha18555a_1
      - r-htmlwidgets=1.6.4=r43hc72bb7e_1
      - r-httpuv=1.6.15=r43ha503ecb_0
      - r-httr=1.4.7=r43hc72bb7e_0
      - r-ica=1.0_3=r43hc72bb7e_3
      - r-igraph=2.0.3=r43hbec7d4a_0
      - r-irlba=2.3.5.1=r43h0d28552_3
      - r-isoband=0.2.7=r43ha18555a_3
      - r-jquerylib=0.1.4=r43hc72bb7e_3
      - r-jsonlite=1.8.8=r43hb1dbf0f_1
      - r-kernsmooth=2.23_24=r43hc2011d3_1
      - r-knitr=1.48=r43hc72bb7e_0
      - r-labeling=0.4.3=r43hc72bb7e_1
      - r-later=1.3.2=r43ha18555a_1
      - r-lattice=0.22_6=r43hb1dbf0f_1
      - r-lazyeval=0.2.2=r43hb1dbf0f_5
      - r-leiden=0.4.3.1=r43hc72bb7e_0
      - r-lifecycle=1.0.4=r43hc72bb7e_0
      - r-listenv=0.9.1=r43hc72bb7e_1
      - r-lmtest=0.9_40=r43h61816a4_2
      - r-lsei=1.3_0=r43ha36c22a_4
      - r-magrittr=2.0.3=r43hb1dbf0f_3
      - r-mass=7.3_60.0.1=r43hb1dbf0f_1
      - r-matrix=1.6_3=r43h316c678_0
      - r-matrixstats=1.3.0=r43hb1dbf0f_1
      - r-memoise=2.0.1=r43hc72bb7e_3
      - r-mgcv=1.9_1=r43h0d28552_1
      - r-mime=0.12=r43hb1dbf0f_3
      - r-miniui=0.1.1.1=r43hc72bb7e_1004
      - r-munsell=0.5.1=r43hc72bb7e_1
      - r-nlme=3.1_165=r43hbcb9c34_1
      - r-npsurv=0.5_0=r43hc72bb7e_3
      - r-openssl=2.2.0=r43hd7d0243_0
      - r-parallelly=1.37.1=r43hb1dbf0f_1
      - r-patchwork=1.2.0=r43hc72bb7e_0
      - r-pbapply=1.7_2=r43hc72bb7e_1
      - r-pillar=1.9.0=r43hc72bb7e_1
      - r-pkgconfig=2.0.3=r43hc72bb7e_4
      - r-plotly=4.10.4=r43hc72bb7e_0
      - r-plyr=1.8.9=r43ha18555a_1
      - r-png=0.1_8=r43h21f035c_2
      - r-polyclip=1.10_6=r43ha18555a_1
      - r-progressr=0.14.0=r43hc72bb7e_1
      - r-promises=1.3.0=r43ha18555a_1
      - r-purrr=1.0.2=r43h57805ef_0
      - r-r6=2.5.1=r43hc72bb7e_3
      - r-rann=2.6.1=r43ha18555a_5
      - r-rappdirs=0.3.3=r43hb1dbf0f_3
      - r-rcolorbrewer=1.1_3=r43h785f33e_3
      - r-rcpp=1.0.12=r43h0d4f4ea_1
      - r-rcppannoy=0.0.22=r43ha18555a_1
      - r-rcpparmadillo=14.0.0_1=r43hb424bfc_1
      - r-rcppeigen=0.3.4.0.0=r43hb424bfc_1
      - r-rcpphnsw=0.6.0=r43h0d4f4ea_1
      - r-rcppprogress=0.4.2=r43hc72bb7e_4
      - r-rcpptoml=0.2.2=r43ha18555a_2
      - r-reshape2=1.4.4=r43ha503ecb_3
      - r-reticulate=1.38.0=r43ha18555a_0
      - r-rlang=1.1.4=r43ha18555a_1
      - r-rmarkdown=2.27=r43hc72bb7e_1
      - r-rocr=1.0_11=r43hc72bb7e_4
      - r-rprojroot=2.0.4=r43hc72bb7e_1
      - r-rspectra=0.16_1=r43h08d816e_2
      - r-rtsne=0.17=r43h4387864_1
      - r-sass=0.4.9=r43ha18555a_1
      - r-scales=1.3.0=r43hc72bb7e_0
      - r-scattermore=1.2=r43ha503ecb_1
      - r-sctransform=0.4.1=r43h08d816e_0
      - r-seurat=5.0.3=r43ha503ecb_0
      - r-seuratobject=5.0.1=r43ha503ecb_0
      - r-shiny=1.8.1.1=r43h785f33e_0
      - r-sitmo=2.0.2=r43ha503ecb_2
      - r-soupx=1.6.2=r43hc72bb7e_1
      - r-sourcetools=0.1.7_1=r43ha18555a_2
      - r-sp=2.1_4=r43hb1dbf0f_0
      - r-spam=2.10_0=r43h93271f8_1
      - r-spatstat.data=3.1_2=r43hc72bb7e_0
      - r-spatstat.explore=3.2_6=r43h57805ef_0
      - r-spatstat.geom=3.2_9=r43h57805ef_0
      - r-spatstat.random=3.2_3=r43ha503ecb_0
      - r-spatstat.sparse=3.1_0=r43hb1dbf0f_0
      - r-spatstat.utils=3.0_5=r43hb1dbf0f_1
      - r-stringi=1.8.4=r43hbd1cc82_1
      - r-stringr=1.5.1=r43h785f33e_0
      - r-survival=3.7_0=r43hdb488b9_1
      - r-sys=3.4.2=r43hb1dbf0f_2
      - r-tensor=1.5=r43hc72bb7e_1006
      - r-tibble=3.2.1=r43h57805ef_2
      - r-tidyr=1.3.1=r43ha503ecb_0
      - r-tidyselect=1.2.1=r43hc72bb7e_0
      - r-tinytex=0.51=r43hc72bb7e_1
      - r-utf8=1.2.4=r43hb1dbf0f_1
      - r-uwot=0.1.16=r43ha503ecb_0
      - r-vctrs=0.6.5=r43ha503ecb_0
      - r-viridislite=0.4.2=r43hc72bb7e_2
      - r-withr=3.0.0=r43hc72bb7e_1
      - r-xfun=0.45=r43ha18555a_1
      - r-xtable=1.8_4=r43hc72bb7e_6
      - r-yaml=2.3.9=r43hdb488b9_0
      - r-zoo=1.8_12=r43hb1dbf0f_2
      - readline=8.2=h8228510_1
      - sed=4.8=he412f7d_0
      - sysroot_linux-64=2.17=h4a8ded7_16
      - tk=8.6.13=noxft_h4845f30_101
      - tktable=2.10=h8bc8fbc_6
      - tzdata=2024a=h0c530f3_0
      - xorg-kbproto=1.0.7=h7f98852_1002
      - xorg-libice=1.1.1=hd590300_0
      - xorg-libsm=1.2.4=h7391055_0
      - xorg-libx11=1.8.9=h8ee46fc_0
      - xorg-libxau=1.0.11=hd590300_0
      - xorg-libxdmcp=1.1.3=h7f98852_0
      - xorg-libxext=1.3.4=h0b41bf4_2
      - xorg-libxrender=0.9.11=hd590300_0
      - xorg-libxt=1.3.0=hd590300_1
      - xorg-renderproto=0.11.1=h7f98852_1002
      - xorg-xextproto=7.3.0=h0b41bf4_1003
      - xorg-xproto=7.0.31=h7f98852_1007
      - xz=5.2.6=h166bdaf_0
      - zlib=1.3.1=h4ab18f5_1
      - zstd=1.5.6=ha6fb4c9_0
